// !$*UTF8*$!
{
	archiveVersion = 1;
	classes = {
	};
	objectVersion = 55;
	objects = {

/* Begin PBXBuildFile section */
		501D82E227FDB414008FE97F /* AppDelegate.swift in Sources */ = {isa = PBXBuildFile; fileRef = 501D82E127FDB414008FE97F /* AppDelegate.swift */; };
		501D82E427FDB414008FE97F /* SceneDelegate.swift in Sources */ = {isa = PBXBuildFile; fileRef = 501D82E327FDB414008FE97F /* SceneDelegate.swift */; };
		501D82E627FDB414008FE97F /* TableViewController.swift in Sources */ = {isa = PBXBuildFile; fileRef = 501D82E527FDB414008FE97F /* TableViewController.swift */; };
		501D82E927FDB414008FE97F /* Main.storyboard in Resources */ = {isa = PBXBuildFile; fileRef = 501D82E727FDB414008FE97F /* Main.storyboard */; };
		501D82EB27FDB416008FE97F /* Assets.xcassets in Resources */ = {isa = PBXBuildFile; fileRef = 501D82EA27FDB416008FE97F /* Assets.xcassets */; };
		501D82EE27FDB416008FE97F /* LaunchScreen.storyboard in Resources */ = {isa = PBXBuildFile; fileRef = 501D82EC27FDB416008FE97F /* LaunchScreen.storyboard */; };
		501D82F927FDB416008FE97F /* Task_ListsTests.swift in Sources */ = {isa = PBXBuildFile; fileRef = 501D82F827FDB416008FE97F /* Task_ListsTests.swift */; };
		501D830327FDB416008FE97F /* Task_ListsUITests.swift in Sources */ = {isa = PBXBuildFile; fileRef = 501D830227FDB416008FE97F /* Task_ListsUITests.swift */; };
		501D830527FDB416008FE97F /* Task_ListsUITestsLaunchTests.swift in Sources */ = {isa = PBXBuildFile; fileRef = 501D830427FDB416008FE97F /* Task_ListsUITestsLaunchTests.swift */; };
		501D831327FDB5EC008FE97F /* TaskProtocol.swift in Sources */ = {isa = PBXBuildFile; fileRef = 501D831227FDB5EC008FE97F /* TaskProtocol.swift */; };
		501D831527FDB65C008FE97F /* Task.swift in Sources */ = {isa = PBXBuildFile; fileRef = 501D831427FDB65C008FE97F /* Task.swift */; };
/* End PBXBuildFile section */

/* Begin PBXContainerItemProxy section */
		501D82F527FDB416008FE97F /* PBXContainerItemProxy */ = {
			isa = PBXContainerItemProxy;
			containerPortal = 501D82D627FDB413008FE97F /* Project object */;
			proxyType = 1;
			remoteGlobalIDString = 501D82DD27FDB413008FE97F;
			remoteInfo = "Task Lists";
		};
		501D82FF27FDB416008FE97F /* PBXContainerItemProxy */ = {
			isa = PBXContainerItemProxy;
			containerPortal = 501D82D627FDB413008FE97F /* Project object */;
			proxyType = 1;
			remoteGlobalIDString = 501D82DD27FDB413008FE97F;
			remoteInfo = "Task Lists";
		};
/* End PBXContainerItemProxy section */

/* Begin PBXFileReference section */
		501D82DE27FDB414008FE97F /* Task Lists.app */ = {isa = PBXFileReference; explicitFileType = wrapper.application; includeInIndex = 0; path = "Task Lists.app"; sourceTree = BUILT_PRODUCTS_DIR; };
		501D82E127FDB414008FE97F /* AppDelegate.swift */ = {isa = PBXFileReference; lastKnownFileType = sourcecode.swift; path = AppDelegate.swift; sourceTree = "<group>"; };
		501D82E327FDB414008FE97F /* SceneDelegate.swift */ = {isa = PBXFileReference; lastKnownFileType = sourcecode.swift; path = SceneDelegate.swift; sourceTree = "<group>"; };
		501D82E527FDB414008FE97F /* TableViewController.swift */ = {isa = PBXFileReference; lastKnownFileType = sourcecode.swift; path = TableViewController.swift; sourceTree = "<group>"; };
		501D82E827FDB414008FE97F /* Base */ = {isa = PBXFileReference; lastKnownFileType = file.storyboard; name = Base; path = Base.lproj/Main.storyboard; sourceTree = "<group>"; };
		501D82EA27FDB416008FE97F /* Assets.xcassets */ = {isa = PBXFileReference; lastKnownFileType = folder.assetcatalog; path = Assets.xcassets; sourceTree = "<group>"; };
		501D82ED27FDB416008FE97F /* Base */ = {isa = PBXFileReference; lastKnownFileType = file.storyboard; name = Base; path = Base.lproj/LaunchScreen.storyboard; sourceTree = "<group>"; };
		501D82EF27FDB416008FE97F /* Info.plist */ = {isa = PBXFileReference; lastKnownFileType = text.plist.xml; path = Info.plist; sourceTree = "<group>"; };
		501D82F427FDB416008FE97F /* Task ListsTests.xctest */ = {isa = PBXFileReference; explicitFileType = wrapper.cfbundle; includeInIndex = 0; path = "Task ListsTests.xctest"; sourceTree = BUILT_PRODUCTS_DIR; };
		501D82F827FDB416008FE97F /* Task_ListsTests.swift */ = {isa = PBXFileReference; lastKnownFileType = sourcecode.swift; path = Task_ListsTests.swift; sourceTree = "<group>"; };
		501D82FE27FDB416008FE97F /* Task ListsUITests.xctest */ = {isa = PBXFileReference; explicitFileType = wrapper.cfbundle; includeInIndex = 0; path = "Task ListsUITests.xctest"; sourceTree = BUILT_PRODUCTS_DIR; };
		501D830227FDB416008FE97F /* Task_ListsUITests.swift */ = {isa = PBXFileReference; lastKnownFileType = sourcecode.swift; path = Task_ListsUITests.swift; sourceTree = "<group>"; };
		501D830427FDB416008FE97F /* Task_ListsUITestsLaunchTests.swift */ = {isa = PBXFileReference; lastKnownFileType = sourcecode.swift; path = Task_ListsUITestsLaunchTests.swift; sourceTree = "<group>"; };
		501D831227FDB5EC008FE97F /* TaskProtocol.swift */ = {isa = PBXFileReference; lastKnownFileType = sourcecode.swift; path = TaskProtocol.swift; sourceTree = "<group>"; };
		501D831427FDB65C008FE97F /* Task.swift */ = {isa = PBXFileReference; lastKnownFileType = sourcecode.swift; path = Task.swift; sourceTree = "<group>"; };
/* End PBXFileReference section */

/* Begin PBXFrameworksBuildPhase section */
		501D82DB27FDB413008FE97F /* Frameworks */ = {
			isa = PBXFrameworksBuildPhase;
			buildActionMask = 2147483647;
			files = (
			);
			runOnlyForDeploymentPostprocessing = 0;
		};
		501D82F127FDB416008FE97F /* Frameworks */ = {
			isa = PBXFrameworksBuildPhase;
			buildActionMask = 2147483647;
			files = (
			);
			runOnlyForDeploymentPostprocessing = 0;
		};
		501D82FB27FDB416008FE97F /* Frameworks */ = {
			isa = PBXFrameworksBuildPhase;
			buildActionMask = 2147483647;
			files = (
			);
			runOnlyForDeploymentPostprocessing = 0;
		};
/* End PBXFrameworksBuildPhase section */

/* Begin PBXGroup section */
		501D82D527FDB413008FE97F = {
			isa = PBXGroup;
			children = (
				501D82E027FDB414008FE97F /* Task Lists */,
				501D82F727FDB416008FE97F /* Task ListsTests */,
				501D830127FDB416008FE97F /* Task ListsUITests */,
				501D82DF27FDB414008FE97F /* Products */,
			);
			sourceTree = "<group>";
		};
		501D82DF27FDB414008FE97F /* Products */ = {
			isa = PBXGroup;
			children = (
				501D82DE27FDB414008FE97F /* Task Lists.app */,
				501D82F427FDB416008FE97F /* Task ListsTests.xctest */,
				501D82FE27FDB416008FE97F /* Task ListsUITests.xctest */,
			);
			name = Products;
			sourceTree = "<group>";
		};
		501D82E027FDB414008FE97F /* Task Lists */ = {
			isa = PBXGroup;
			children = (
				501D831127FDB5CD008FE97F /* Model */,
				501D82E127FDB414008FE97F /* AppDelegate.swift */,
				501D82E327FDB414008FE97F /* SceneDelegate.swift */,
				501D82E527FDB414008FE97F /* TableViewController.swift */,
				501D82E727FDB414008FE97F /* Main.storyboard */,
				501D82EA27FDB416008FE97F /* Assets.xcassets */,
				501D82EC27FDB416008FE97F /* LaunchScreen.storyboard */,
				501D82EF27FDB416008FE97F /* Info.plist */,
			);
			path = "Task Lists";
			sourceTree = "<group>";
		};
		501D82F727FDB416008FE97F /* Task ListsTests */ = {
			isa = PBXGroup;
			children = (
				501D82F827FDB416008FE97F /* Task_ListsTests.swift */,
			);
			path = "Task ListsTests";
			sourceTree = "<group>";
		};
		501D830127FDB416008FE97F /* Task ListsUITests */ = {
			isa = PBXGroup;
			children = (
				501D830227FDB416008FE97F /* Task_ListsUITests.swift */,
				501D830427FDB416008FE97F /* Task_ListsUITestsLaunchTests.swift */,
			);
			path = "Task ListsUITests";
			sourceTree = "<group>";
		};
		501D831127FDB5CD008FE97F /* Model */ = {
			isa = PBXGroup;
			children = (
				501D831627FDB707008FE97F /* Composite */,
			);
			path = Model;
			sourceTree = "<group>";
		};
		501D831627FDB707008FE97F /* Composite */ = {
			isa = PBXGroup;
			children = (
				501D831227FDB5EC008FE97F /* TaskProtocol.swift */,
				501D831427FDB65C008FE97F /* Task.swift */,
			);
			path = Composite;
			sourceTree = "<group>";
		};
/* End PBXGroup section */

/* Begin PBXNativeTarget section */
		501D82DD27FDB413008FE97F /* Task Lists */ = {
			isa = PBXNativeTarget;
			buildConfigurationList = 501D830827FDB416008FE97F /* Build configuration list for PBXNativeTarget "Task Lists" */;
			buildPhases = (
				501D82DA27FDB413008FE97F /* Sources */,
				501D82DB27FDB413008FE97F /* Frameworks */,
				501D82DC27FDB413008FE97F /* Resources */,
			);
			buildRules = (
			);
			dependencies = (
			);
			name = "Task Lists";
			productName = "Task Lists";
			productReference = 501D82DE27FDB414008FE97F /* Task Lists.app */;
			productType = "com.apple.product-type.application";
		};
		501D82F327FDB416008FE97F /* Task ListsTests */ = {
			isa = PBXNativeTarget;
			buildConfigurationList = 501D830B27FDB416008FE97F /* Build configuration list for PBXNativeTarget "Task ListsTests" */;
			buildPhases = (
				501D82F027FDB416008FE97F /* Sources */,
				501D82F127FDB416008FE97F /* Frameworks */,
				501D82F227FDB416008FE97F /* Resources */,
			);
			buildRules = (
			);
			dependencies = (
				501D82F627FDB416008FE97F /* PBXTargetDependency */,
			);
			name = "Task ListsTests";
			productName = "Task ListsTests";
			productReference = 501D82F427FDB416008FE97F /* Task ListsTests.xctest */;
			productType = "com.apple.product-type.bundle.unit-test";
		};
		501D82FD27FDB416008FE97F /* Task ListsUITests */ = {
			isa = PBXNativeTarget;
			buildConfigurationList = 501D830E27FDB416008FE97F /* Build configuration list for PBXNativeTarget "Task ListsUITests" */;
			buildPhases = (
				501D82FA27FDB416008FE97F /* Sources */,
				501D82FB27FDB416008FE97F /* Frameworks */,
				501D82FC27FDB416008FE97F /* Resources */,
			);
			buildRules = (
			);
			dependencies = (
				501D830027FDB416008FE97F /* PBXTargetDependency */,
			);
			name = "Task ListsUITests";
			productName = "Task ListsUITests";
			productReference = 501D82FE27FDB416008FE97F /* Task ListsUITests.xctest */;
			productType = "com.apple.product-type.bundle.ui-testing";
		};
/* End PBXNativeTarget section */

/* Begin PBXProject section */
		501D82D627FDB413008FE97F /* Project object */ = {
			isa = PBXProject;
			attributes = {
				BuildIndependentTargetsInParallel = 1;
				LastSwiftUpdateCheck = 1320;
				LastUpgradeCheck = 1320;
				TargetAttributes = {
					501D82DD27FDB413008FE97F = {
						CreatedOnToolsVersion = 13.2.1;
					};
					501D82F327FDB416008FE97F = {
						CreatedOnToolsVersion = 13.2.1;
						TestTargetID = 501D82DD27FDB413008FE97F;
					};
					501D82FD27FDB416008FE97F = {
						CreatedOnToolsVersion = 13.2.1;
						TestTargetID = 501D82DD27FDB413008FE97F;
					};
				};
			};
			buildConfigurationList = 501D82D927FDB413008FE97F /* Build configuration list for PBXProject "Task Lists" */;
			compatibilityVersion = "Xcode 13.0";
			developmentRegion = en;
			hasScannedForEncodings = 0;
			knownRegions = (
				en,
				Base,
			);
			mainGroup = 501D82D527FDB413008FE97F;
			productRefGroup = 501D82DF27FDB414008FE97F /* Products */;
			projectDirPath = "";
			projectRoot = "";
			targets = (
				501D82DD27FDB413008FE97F /* Task Lists */,
				501D82F327FDB416008FE97F /* Task ListsTests */,
				501D82FD27FDB416008FE97F /* Task ListsUITests */,
			);
		};
/* End PBXProject section */

/* Begin PBXResourcesBuildPhase section */
		501D82DC27FDB413008FE97F /* Resources */ = {
			isa = PBXResourcesBuildPhase;
			buildActionMask = 2147483647;
			files = (
				501D82EE27FDB416008FE97F /* LaunchScreen.storyboard in Resources */,
				501D82EB27FDB416008FE97F /* Assets.xcassets in Resources */,
				501D82E927FDB414008FE97F /* Main.storyboard in Resources */,
			);
			runOnlyForDeploymentPostprocessing = 0;
		};
		501D82F227FDB416008FE97F /* Resources */ = {
			isa = PBXResourcesBuildPhase;
			buildActionMask = 2147483647;
			files = (
			);
			runOnlyForDeploymentPostprocessing = 0;
		};
		501D82FC27FDB416008FE97F /* Resources */ = {
			isa = PBXResourcesBuildPhase;
			buildActionMask = 2147483647;
			files = (
			);
			runOnlyForDeploymentPostprocessing = 0;
		};
/* End PBXResourcesBuildPhase section */

/* Begin PBXSourcesBuildPhase section */
		501D82DA27FDB413008FE97F /* Sources */ = {
			isa = PBXSourcesBuildPhase;
			buildActionMask = 2147483647;
			files = (
				501D82E627FDB414008FE97F /* TableViewController.swift in Sources */,
				501D82E227FDB414008FE97F /* AppDelegate.swift in Sources */,
				501D831527FDB65C008FE97F /* Task.swift in Sources */,
				501D831327FDB5EC008FE97F /* TaskProtocol.swift in Sources */,
				501D82E427FDB414008FE97F /* SceneDelegate.swift in Sources */,
			);
			runOnlyForDeploymentPostprocessing = 0;
		};
		501D82F027FDB416008FE97F /* Sources */ = {
			isa = PBXSourcesBuildPhase;
			buildActionMask = 2147483647;
			files = (
				501D82F927FDB416008FE97F /* Task_ListsTests.swift in Sources */,
			);
			runOnlyForDeploymentPostprocessing = 0;
		};
		501D82FA27FDB416008FE97F /* Sources */ = {
			isa = PBXSourcesBuildPhase;
			buildActionMask = 2147483647;
			files = (
				501D830327FDB416008FE97F /* Task_ListsUITests.swift in Sources */,
				501D830527FDB416008FE97F /* Task_ListsUITestsLaunchTests.swift in Sources */,
			);
			runOnlyForDeploymentPostprocessing = 0;
		};
/* End PBXSourcesBuildPhase section */

/* Begin PBXTargetDependency section */
		501D82F627FDB416008FE97F /* PBXTargetDependency */ = {
			isa = PBXTargetDependency;
			target = 501D82DD27FDB413008FE97F /* Task Lists */;
			targetProxy = 501D82F527FDB416008FE97F /* PBXContainerItemProxy */;
		};
		501D830027FDB416008FE97F /* PBXTargetDependency */ = {
			isa = PBXTargetDependency;
			target = 501D82DD27FDB413008FE97F /* Task Lists */;
			targetProxy = 501D82FF27FDB416008FE97F /* PBXContainerItemProxy */;
		};
/* End PBXTargetDependency section */

/* Begin PBXVariantGroup section */
		501D82E727FDB414008FE97F /* Main.storyboard */ = {
			isa = PBXVariantGroup;
			children = (
				501D82E827FDB414008FE97F /* Base */,
			);
			name = Main.storyboard;
			sourceTree = "<group>";
		};
		501D82EC27FDB416008FE97F /* LaunchScreen.storyboard */ = {
			isa = PBXVariantGroup;
			children = (
				501D82ED27FDB416008FE97F /* Base */,
			);
			name = LaunchScreen.storyboard;
			sourceTree = "<group>";
		};
/* End PBXVariantGroup section */

/* Begin XCBuildConfiguration section */
		501D830627FDB416008FE97F /* Debug */ = {
			isa = XCBuildConfiguration;
			buildSettings = {
				ALWAYS_SEARCH_USER_PATHS = NO;
				CLANG_ANALYZER_NONNULL = YES;
				CLANG_ANALYZER_NUMBER_OBJECT_CONVERSION = YES_AGGRESSIVE;
				CLANG_CXX_LANGUAGE_STANDARD = "gnu++17";
				CLANG_CXX_LIBRARY = "libc++";
				CLANG_ENABLE_MODULES = YES;
				CLANG_ENABLE_OBJC_ARC = YES;
				CLANG_ENABLE_OBJC_WEAK = YES;
				CLANG_WARN_BLOCK_CAPTURE_AUTORELEASING = YES;
				CLANG_WARN_BOOL_CONVERSION = YES;
				CLANG_WARN_COMMA = YES;
				CLANG_WARN_CONSTANT_CONVERSION = YES;
				CLANG_WARN_DEPRECATED_OBJC_IMPLEMENTATIONS = YES;
				CLANG_WARN_DIRECT_OBJC_ISA_USAGE = YES_ERROR;
				CLANG_WARN_DOCUMENTATION_COMMENTS = YES;
				CLANG_WARN_EMPTY_BODY = YES;
				CLANG_WARN_ENUM_CONVERSION = YES;
				CLANG_WARN_INFINITE_RECURSION = YES;
				CLANG_WARN_INT_CONVERSION = YES;
				CLANG_WARN_NON_LITERAL_NULL_CONVERSION = YES;
				CLANG_WARN_OBJC_IMPLICIT_RETAIN_SELF = YES;
				CLANG_WARN_OBJC_LITERAL_CONVERSION = YES;
				CLANG_WARN_OBJC_ROOT_CLASS = YES_ERROR;
				CLANG_WARN_QUOTED_INCLUDE_IN_FRAMEWORK_HEADER = YES;
				CLANG_WARN_RANGE_LOOP_ANALYSIS = YES;
				CLANG_WARN_STRICT_PROTOTYPES = YES;
				CLANG_WARN_SUSPICIOUS_MOVE = YES;
				CLANG_WARN_UNGUARDED_AVAILABILITY = YES_AGGRESSIVE;
				CLANG_WARN_UNREACHABLE_CODE = YES;
				CLANG_WARN__DUPLICATE_METHOD_MATCH = YES;
				COPY_PHASE_STRIP = NO;
				DEBUG_INFORMATION_FORMAT = dwarf;
				ENABLE_STRICT_OBJC_MSGSEND = YES;
				ENABLE_TESTABILITY = YES;
				GCC_C_LANGUAGE_STANDARD = gnu11;
				GCC_DYNAMIC_NO_PIC = NO;
				GCC_NO_COMMON_BLOCKS = YES;
				GCC_OPTIMIZATION_LEVEL = 0;
				GCC_PREPROCESSOR_DEFINITIONS = (
					"DEBUG=1",
					"$(inherited)",
				);
				GCC_WARN_64_TO_32_BIT_CONVERSION = YES;
				GCC_WARN_ABOUT_RETURN_TYPE = YES_ERROR;
				GCC_WARN_UNDECLARED_SELECTOR = YES;
				GCC_WARN_UNINITIALIZED_AUTOS = YES_AGGRESSIVE;
				GCC_WARN_UNUSED_FUNCTION = YES;
				GCC_WARN_UNUSED_VARIABLE = YES;
				IPHONEOS_DEPLOYMENT_TARGET = 15.2;
				MTL_ENABLE_DEBUG_INFO = INCLUDE_SOURCE;
				MTL_FAST_MATH = YES;
				ONLY_ACTIVE_ARCH = YES;
				SDKROOT = iphoneos;
				SWIFT_ACTIVE_COMPILATION_CONDITIONS = DEBUG;
				SWIFT_OPTIMIZATION_LEVEL = "-Onone";
			};
			name = Debug;
		};
		501D830727FDB416008FE97F /* Release */ = {
			isa = XCBuildConfiguration;
			buildSettings = {
				ALWAYS_SEARCH_USER_PATHS = NO;
				CLANG_ANALYZER_NONNULL = YES;
				CLANG_ANALYZER_NUMBER_OBJECT_CONVERSION = YES_AGGRESSIVE;
				CLANG_CXX_LANGUAGE_STANDARD = "gnu++17";
				CLANG_CXX_LIBRARY = "libc++";
				CLANG_ENABLE_MODULES = YES;
				CLANG_ENABLE_OBJC_ARC = YES;
				CLANG_ENABLE_OBJC_WEAK = YES;
				CLANG_WARN_BLOCK_CAPTURE_AUTORELEASING = YES;
				CLANG_WARN_BOOL_CONVERSION = YES;
				CLANG_WARN_COMMA = YES;
				CLANG_WARN_CONSTANT_CONVERSION = YES;
				CLANG_WARN_DEPRECATED_OBJC_IMPLEMENTATIONS = YES;
				CLANG_WARN_DIRECT_OBJC_ISA_USAGE = YES_ERROR;
				CLANG_WARN_DOCUMENTATION_COMMENTS = YES;
				CLANG_WARN_EMPTY_BODY = YES;
				CLANG_WARN_ENUM_CONVERSION = YES;
				CLANG_WARN_INFINITE_RECURSION = YES;
				CLANG_WARN_INT_CONVERSION = YES;
				CLANG_WARN_NON_LITERAL_NULL_CONVERSION = YES;
				CLANG_WARN_OBJC_IMPLICIT_RETAIN_SELF = YES;
				CLANG_WARN_OBJC_LITERAL_CONVERSION = YES;
				CLANG_WARN_OBJC_ROOT_CLASS = YES_ERROR;
				CLANG_WARN_QUOTED_INCLUDE_IN_FRAMEWORK_HEADER = YES;
				CLANG_WARN_RANGE_LOOP_ANALYSIS = YES;
				CLANG_WARN_STRICT_PROTOTYPES = YES;
				CLANG_WARN_SUSPICIOUS_MOVE = YES;
				CLANG_WARN_UNGUARDED_AVAILABILITY = YES_AGGRESSIVE;
				CLANG_WARN_UNREACHABLE_CODE = YES;
				CLANG_WARN__DUPLICATE_METHOD_MATCH = YES;
				COPY_PHASE_STRIP = NO;
				DEBUG_INFORMATION_FORMAT = "dwarf-with-dsym";
				ENABLE_NS_ASSERTIONS = NO;
				ENABLE_STRICT_OBJC_MSGSEND = YES;
				GCC_C_LANGUAGE_STANDARD = gnu11;
				GCC_NO_COMMON_BLOCKS = YES;
				GCC_WARN_64_TO_32_BIT_CONVERSION = YES;
				GCC_WARN_ABOUT_RETURN_TYPE = YES_ERROR;
				GCC_WARN_UNDECLARED_SELECTOR = YES;
				GCC_WARN_UNINITIALIZED_AUTOS = YES_AGGRESSIVE;
				GCC_WARN_UNUSED_FUNCTION = YES;
				GCC_WARN_UNUSED_VARIABLE = YES;
				IPHONEOS_DEPLOYMENT_TARGET = 15.2;
				MTL_ENABLE_DEBUG_INFO = NO;
				MTL_FAST_MATH = YES;
				SDKROOT = iphoneos;
				SWIFT_COMPILATION_MODE = wholemodule;
				SWIFT_OPTIMIZATION_LEVEL = "-O";
				VALIDATE_PRODUCT = YES;
			};
			name = Release;
		};
		501D830927FDB416008FE97F /* Debug */ = {
			isa = XCBuildConfiguration;
			buildSettings = {
				ASSETCATALOG_COMPILER_APPICON_NAME = AppIcon;
				ASSETCATALOG_COMPILER_GLOBAL_ACCENT_COLOR_NAME = AccentColor;
				CODE_SIGN_STYLE = Automatic;
				CURRENT_PROJECT_VERSION = 1;
				DEVELOPMENT_TEAM = BB9VRGTTUK;
				GENERATE_INFOPLIST_FILE = YES;
				INFOPLIST_FILE = "Task Lists/Info.plist";
				INFOPLIST_KEY_UIApplicationSupportsIndirectInputEvents = YES;
				INFOPLIST_KEY_UILaunchStoryboardName = LaunchScreen;
				INFOPLIST_KEY_UIMainStoryboardFile = Main;
				INFOPLIST_KEY_UISupportedInterfaceOrientations_iPad = "UIInterfaceOrientationPortrait UIInterfaceOrientationPortraitUpsideDown UIInterfaceOrientationLandscapeLeft UIInterfaceOrientationLandscapeRight";
				INFOPLIST_KEY_UISupportedInterfaceOrientations_iPhone = "UIInterfaceOrientationPortrait UIInterfaceOrientationLandscapeLeft UIInterfaceOrientationLandscapeRight";
				LD_RUNPATH_SEARCH_PATHS = (
					"$(inherited)",
					"@executable_path/Frameworks",
				);
				MARKETING_VERSION = 1.0;
				PRODUCT_BUNDLE_IDENTIFIER = "com.mishkamishka.WhoWantsToBeAMillionaire.Task-Lists";
				PRODUCT_NAME = "$(TARGET_NAME)";
				SWIFT_EMIT_LOC_STRINGS = YES;
				SWIFT_VERSION = 5.0;
				TARGETED_DEVICE_FAMILY = "1,2";
			};
			name = Debug;
		};
		501D830A27FDB416008FE97F /* Release */ = {
			isa = XCBuildConfiguration;
			buildSettings = {
				ASSETCATALOG_COMPILER_APPICON_NAME = AppIcon;
				ASSETCATALOG_COMPILER_GLOBAL_ACCENT_COLOR_NAME = AccentColor;
				CODE_SIGN_STYLE = Automatic;
				CURRENT_PROJECT_VERSION = 1;
				DEVELOPMENT_TEAM = BB9VRGTTUK;
				GENERATE_INFOPLIST_FILE = YES;
				INFOPLIST_FILE = "Task Lists/Info.plist";
				INFOPLIST_KEY_UIApplicationSupportsIndirectInputEvents = YES;
				INFOPLIST_KEY_UILaunchStoryboardName = LaunchScreen;
				INFOPLIST_KEY_UIMainStoryboardFile = Main;
				INFOPLIST_KEY_UISupportedInterfaceOrientations_iPad = "UIInterfaceOrientationPortrait UIInterfaceOrientationPortraitUpsideDown UIInterfaceOrientationLandscapeLeft UIInterfaceOrientationLandscapeRight";
				INFOPLIST_KEY_UISupportedInterfaceOrientations_iPhone = "UIInterfaceOrientationPortrait UIInterfaceOrientationLandscapeLeft UIInterfaceOrientationLandscapeRight";
				LD_RUNPATH_SEARCH_PATHS = (
					"$(inherited)",
					"@executable_path/Frameworks",
				);
				MARKETING_VERSION = 1.0;
				PRODUCT_BUNDLE_IDENTIFIER = "com.mishkamishka.WhoWantsToBeAMillionaire.Task-Lists";
				PRODUCT_NAME = "$(TARGET_NAME)";
				SWIFT_EMIT_LOC_STRINGS = YES;
				SWIFT_VERSION = 5.0;
				TARGETED_DEVICE_FAMILY = "1,2";
			};
			name = Release;
		};
		501D830C27FDB416008FE97F /* Debug */ = {
			isa = XCBuildConfiguration;
			buildSettings = {
				ALWAYS_EMBED_SWIFT_STANDARD_LIBRARIES = YES;
				BUNDLE_LOADER = "$(TEST_HOST)";
				CODE_SIGN_STYLE = Automatic;
				CURRENT_PROJECT_VERSION = 1;
				DEVELOPMENT_TEAM = BB9VRGTTUK;
				GENERATE_INFOPLIST_FILE = YES;
				IPHONEOS_DEPLOYMENT_TARGET = 15.2;
				MARKETING_VERSION = 1.0;
				PRODUCT_BUNDLE_IDENTIFIER = "com.mishkamishka.WhoWantsToBeAMillionaire.Task-ListsTests";
				PRODUCT_NAME = "$(TARGET_NAME)";
				SWIFT_EMIT_LOC_STRINGS = NO;
				SWIFT_VERSION = 5.0;
				TARGETED_DEVICE_FAMILY = "1,2";
				TEST_HOST = "$(BUILT_PRODUCTS_DIR)/Task Lists.app/Task Lists";
			};
			name = Debug;
		};
		501D830D27FDB416008FE97F /* Release */ = {
			isa = XCBuildConfiguration;
			buildSettings = {
				ALWAYS_EMBED_SWIFT_STANDARD_LIBRARIES = YES;
				BUNDLE_LOADER = "$(TEST_HOST)";
				CODE_SIGN_STYLE = Automatic;
				CURRENT_PROJECT_VERSION = 1;
				DEVELOPMENT_TEAM = BB9VRGTTUK;
				GENERATE_INFOPLIST_FILE = YES;
				IPHONEOS_DEPLOYMENT_TARGET = 15.2;
				MARKETING_VERSION = 1.0;
				PRODUCT_BUNDLE_IDENTIFIER = "com.mishkamishka.WhoWantsToBeAMillionaire.Task-ListsTests";
				PRODUCT_NAME = "$(TARGET_NAME)";
				SWIFT_EMIT_LOC_STRINGS = NO;
				SWIFT_VERSION = 5.0;
				TARGETED_DEVICE_FAMILY = "1,2";
				TEST_HOST = "$(BUILT_PRODUCTS_DIR)/Task Lists.app/Task Lists";
			};
			name = Release;
		};
		501D830F27FDB416008FE97F /* Debug */ = {
			isa = XCBuildConfiguration;
			buildSettings = {
				ALWAYS_EMBED_SWIFT_STANDARD_LIBRARIES = YES;
				CODE_SIGN_STYLE = Automatic;
				CURRENT_PROJECT_VERSION = 1;
				DEVELOPMENT_TEAM = BB9VRGTTUK;
				GENERATE_INFOPLIST_FILE = YES;
				MARKETING_VERSION = 1.0;
				PRODUCT_BUNDLE_IDENTIFIER = "com.mishkamishka.WhoWantsToBeAMillionaire.Task-ListsUITests";
				PRODUCT_NAME = "$(TARGET_NAME)";
				SWIFT_EMIT_LOC_STRINGS = NO;
				SWIFT_VERSION = 5.0;
				TARGETED_DEVICE_FAMILY = "1,2";
				TEST_TARGET_NAME = "Task Lists";
			};
			name = Debug;
		};
		501D831027FDB416008FE97F /* Release */ = {
			isa = XCBuildConfiguration;
			buildSettings = {
				ALWAYS_EMBED_SWIFT_STANDARD_LIBRARIES = YES;
				CODE_SIGN_STYLE = Automatic;
				CURRENT_PROJECT_VERSION = 1;
				DEVELOPMENT_TEAM = BB9VRGTTUK;
				GENERATE_INFOPLIST_FILE = YES;
				MARKETING_VERSION = 1.0;
				PRODUCT_BUNDLE_IDENTIFIER = "com.mishkamishka.WhoWantsToBeAMillionaire.Task-ListsUITests";
				PRODUCT_NAME = "$(TARGET_NAME)";
				SWIFT_EMIT_LOC_STRINGS = NO;
				SWIFT_VERSION = 5.0;
				TARGETED_DEVICE_FAMILY = "1,2";
				TEST_TARGET_NAME = "Task Lists";
			};
			name = Release;
		};
/* End XCBuildConfiguration section */

/* Begin XCConfigurationList section */
		501D82D927FDB413008FE97F /* Build configuration list for PBXProject "Task Lists" */ = {
			isa = XCConfigurationList;
			buildConfigurations = (
				501D830627FDB416008FE97F /* Debug */,
				501D830727FDB416008FE97F /* Release */,
			);
			defaultConfigurationIsVisible = 0;
			defaultConfigurationName = Release;
		};
		501D830827FDB416008FE97F /* Build configuration list for PBXNativeTarget "Task Lists" */ = {
			isa = XCConfigurationList;
			buildConfigurations = (
				501D830927FDB416008FE97F /* Debug */,
				501D830A27FDB416008FE97F /* Release */,
			);
			defaultConfigurationIsVisible = 0;
			defaultConfigurationName = Release;
		};
		501D830B27FDB416008FE97F /* Build configuration list for PBXNativeTarget "Task ListsTests" */ = {
			isa = XCConfigurationList;
			buildConfigurations = (
				501D830C27FDB416008FE97F /* Debug */,
				501D830D27FDB416008FE97F /* Release */,
			);
			defaultConfigurationIsVisible = 0;
			defaultConfigurationName = Release;
		};
		501D830E27FDB416008FE97F /* Build configuration list for PBXNativeTarget "Task ListsUITests" */ = {
			isa = XCConfigurationList;
			buildConfigurations = (
				501D830F27FDB416008FE97F /* Debug */,
				501D831027FDB416008FE97F /* Release */,
			);
			defaultConfigurationIsVisible = 0;
			defaultConfigurationName = Release;
		};
/* End XCConfigurationList section */
	};
	rootObject = 501D82D627FDB413008FE97F /* Project object */;
}
